
Microsoft Visual Studio Solution File, Format Version 12.00
# Visual Studio Version 17
VisualStudioVersion = 17.0.31903.59
MinimumVisualStudioVersion = 10.0.40219.1
Project("{2150E333-8FDC-42A3-9474-1A3956D46DE8}") = "src", "src", "{9118F89B-C01E-49B6-849E-DF771A990048}"
EndProject
Project("{FAE04EC0-301F-11D3-BF4B-00C04F79EFBC}") = "ShowroomBilling.Api", "src\ShowroomBilling.Api\ShowroomBilling.Api.csproj", "{266AA29A-ADF7-4A4C-81BD-409F0A2A189A}"
EndProject
Project("{FAE04EC0-301F-11D3-BF4B-00C04F79EFBC}") = "ShowroomBilling.Contracts", "src\ShowroomBilling.Contracts\ShowroomBilling.Contracts.csproj", "{A3952E09-8D99-46E4-83BD-F845A89CCC4D}"
EndProject
Project("{FAE04EC0-301F-11D3-BF4B-00C04F79EFBC}") = "ShowroomBilling.Application", "src\ShowroomBilling.Application\ShowroomBilling.Application.csproj", "{5F266D9B-4EB7-44D3-8C0E-287ADCE5EF74}"
EndProject
Project("{FAE04EC0-301F-11D3-BF4B-00C04F79EFBC}") = "ShowroomBilling.Infrastructure", "src\ShowroomBilling.Infrastructure\ShowroomBilling.Infrastructure.csproj", "{DE13EC6F-4F77-4EDF-BAC3-9CF80C84A32A}"
EndProject
Project("{FAE04EC0-301F-11D3-BF4B-00C04F79EFBC}") = "ShowroomBilling.Desktop", "src\ShowroomBilling.Desktop\ShowroomBilling.Desktop.csproj", "{D31ED19B-AD93-4CF5-BBD8-326DECB30D3A}"
EndProject
Project("{2150E333-8FDC-42A3-9474-1A3956D46DE8}") = "tests", "tests", "{6F97B280-733F-4033-B2CA-27B09A41A1DF}"
EndProject
Project("{FAE04EC0-301F-11D3-BF4B-00C04F79EFBC}") = "ShowroomBilling.Tests", "tests\ShowroomBilling.Tests\ShowroomBilling.Tests.csproj", "{A3D5C669-05D0-4900-B39E-206D7FC75868}"
EndProject
Project("{FAE04EC0-301F-11D3-BF4B-00C04F79EFBC}") = "ShowroomBilling.Printing", "src\ShowroomBilling.Printing\ShowroomBilling.Printing.csproj", "{8694CFF9-7052-47CF-B8F5-A667D42F8362}"
EndProject
Project("{FAE04EC0-301F-11D3-BF4B-00C04F79EFBC}") = "ShowroomBilling.Desktop.Tests", "tests\ShowroomBilling.Desktop.Tests\ShowroomBilling.Desktop.Tests.csproj", "{A7E07DE5-8627-4BB6-9C36-9D5F709F649A}"
EndProject
Global
	GlobalSection(SolutionConfigurationPlatforms) = preSolution
		Debug|Any CPU = Debug|Any CPU
		Debug|x64 = Debug|x64
		Debug|x86 = Debug|x86
		Release|Any CPU = Release|Any CPU
		Release|x64 = Release|x64
		Release|x86 = Release|x86
	EndGlobalSection
	GlobalSection(ProjectConfigurationPlatforms) = postSolution
		{266AA29A-ADF7-4A4C-81BD-409F0A2A189A}.Debug|Any CPU.ActiveCfg = Debug|Any CPU
		{266AA29A-ADF7-4A4C-81BD-409F0A2A189A}.Debug|Any CPU.Build.0 = Debug|Any CPU
		{266AA29A-ADF7-4A4C-81BD-409F0A2A189A}.Debug|x64.ActiveCfg = Debug|Any CPU
		{266AA29A-ADF7-4A4C-81BD-409F0A2A189A}.Debug|x64.Build.0 = Debug|Any CPU
		{266AA29A-ADF7-4A4C-81BD-409F0A2A189A}.Debug|x86.ActiveCfg = Debug|Any CPU
		{266AA29A-ADF7-4A4C-81BD-409F0A2A189A}.Debug|x86.Build.0 = Debug|Any CPU
		{266AA29A-ADF7-4A4C-81BD-409F0A2A189A}.Release|Any CPU.ActiveCfg = Release|Any CPU
		{266AA29A-ADF7-4A4C-81BD-409F0A2A189A}.Release|Any CPU.Build.0 = Release|Any CPU
		{266AA29A-ADF7-4A4C-81BD-409F0A2A189A}.Release|x64.ActiveCfg = Release|Any CPU
		{266AA29A-ADF7-4A4C-81BD-409F0A2A189A}.Release|x64.Build.0 = Release|Any CPU
		{266AA29A-ADF7-4A4C-81BD-409F0A2A189A}.Release|x86.ActiveCfg = Release|Any CPU
		{266AA29A-ADF7-4A4C-81BD-409F0A2A189A}.Release|x86.Build.0 = Release|Any CPU
		{A3952E09-8D99-46E4-83BD-F845A89CCC4D}.Debug|Any CPU.ActiveCfg = Debug|Any CPU
		{A3952E09-8D99-46E4-83BD-F845A89CCC4D}.Debug|Any CPU.Build.0 = Debug|Any CPU
		{A3952E09-8D99-46E4-83BD-F845A89CCC4D}.Debug|x64.ActiveCfg = Debug|Any CPU
		{A3952E09-8D99-46E4-83BD-F845A89CCC4D}.Debug|x64.Build.0 = Debug|Any CPU
		{A3952E09-8D99-46E4-83BD-F845A89CCC4D}.Debug|x86.ActiveCfg = Debug|Any CPU
		{A3952E09-8D99-46E4-83BD-F845A89CCC4D}.Debug|x86.Build.0 = Debug|Any CPU
		{A3952E09-8D99-46E4-83BD-F845A89CCC4D}.Release|Any CPU.ActiveCfg = Release|Any CPU
		{A3952E09-8D99-46E4-83BD-F845A89CCC4D}.Release|Any CPU.Build.0 = Release|Any CPU
		{A3952E09-8D99-46E4-83BD-F845A89CCC4D}.Release|x64.ActiveCfg = Release|Any CPU
		{A3952E09-8D99-46E4-83BD-F845A89CCC4D}.Release|x64.Build.0 = Release|Any CPU
		{A3952E09-8D99-46E4-83BD-F845A89CCC4D}.Release|x86.ActiveCfg = Release|Any CPU
		{A3952E09-8D99-46E4-83BD-F845A89CCC4D}.Release|x86.Build.0 = Release|Any CPU
		{5F266D9B-4EB7-44D3-8C0E-287ADCE5EF74}.Debug|Any CPU.ActiveCfg = Debug|Any CPU
		{5F266D9B-4EB7-44D3-8C0E-287ADCE5EF74}.Debug|Any CPU.Build.0 = Debug|Any CPU
		{5F266D9B-4EB7-44D3-8C0E-287ADCE5EF74}.Debug|x64.ActiveCfg = Debug|Any CPU
		{5F266D9B-4EB7-44D3-8C0E-287ADCE5EF74}.Debug|x64.Build.0 = Debug|Any CPU
		{5F266D9B-4EB7-44D3-8C0E-287ADCE5EF74}.Debug|x86.ActiveCfg = Debug|Any CPU
		{5F266D9B-4EB7-44D3-8C0E-287ADCE5EF74}.Debug|x86.Build.0 = Debug|Any CPU
		{5F266D9B-4EB7-44D3-8C0E-287ADCE5EF74}.Release|Any CPU.ActiveCfg = Release|Any CPU
		{5F266D9B-4EB7-44D3-8C0E-287ADCE5EF74}.Release|Any CPU.Build.0 = Release|Any CPU
		{5F266D9B-4EB7-44D3-8C0E-287ADCE5EF74}.Release|x64.ActiveCfg = Release|Any CPU
		{5F266D9B-4EB7-44D3-8C0E-287ADCE5EF74}.Release|x64.Build.0 = Release|Any CPU
		{5F266D9B-4EB7-44D3-8C0E-287ADCE5EF74}.Release|x86.ActiveCfg = Release|Any CPU
		{5F266D9B-4EB7-44D3-8C0E-287ADCE5EF74}.Release|x86.Build.0 = Release|Any CPU
		{DE13EC6F-4F77-4EDF-BAC3-9CF80C84A32A}.Debug|Any CPU.ActiveCfg = Debug|Any CPU
		{DE13EC6F-4F77-4EDF-BAC3-9CF80C84A32A}.Debug|Any CPU.Build.0 = Debug|Any CPU
		{DE13EC6F-4F77-4EDF-BAC3-9CF80C84A32A}.Debug|x64.ActiveCfg = Debug|Any CPU
		{DE13EC6F-4F77-4EDF-BAC3-9CF80C84A32A}.Debug|x64.Build.0 = Debug|Any CPU
		{DE13EC6F-4F77-4EDF-BAC3-9CF80C84A32A}.Debug|x86.ActiveCfg = Debug|Any CPU
		{DE13EC6F-4F77-4EDF-BAC3-9CF80C84A32A}.Debug|x86.Build.0 = Debug|Any CPU
		{DE13EC6F-4F77-4EDF-BAC3-9CF80C84A32A}.Release|Any CPU.ActiveCfg = Release|Any CPU
		{DE13EC6F-4F77-4EDF-BAC3-9CF80C84A32A}.Release|Any CPU.Build.0 = Release|Any CPU
		{DE13EC6F-4F77-4EDF-BAC3-9CF80C84A32A}.Release|x64.ActiveCfg = Release|Any CPU
		{DE13EC6F-4F77-4EDF-BAC3-9CF80C84A32A}.Release|x64.Build.0 = Release|Any CPU
		{DE13EC6F-4F77-4EDF-BAC3-9CF80C84A32A}.Release|x86.ActiveCfg = Release|Any CPU
		{DE13EC6F-4F77-4EDF-BAC3-9CF80C84A32A}.Release|x86.Build.0 = Release|Any CPU
		{D31ED19B-AD93-4CF5-BBD8-326DECB30D3A}.Debug|Any CPU.ActiveCfg = Debug|Any CPU
		{D31ED19B-AD93-4CF5-BBD8-326DECB30D3A}.Debug|Any CPU.Build.0 = Debug|Any CPU
		{D31ED19B-AD93-4CF5-BBD8-326DECB30D3A}.Debug|x64.ActiveCfg = Debug|Any CPU
		{D31ED19B-AD93-4CF5-BBD8-326DECB30D3A}.Debug|x64.Build.0 = Debug|Any CPU
		{D31ED19B-AD93-4CF5-BBD8-326DECB30D3A}.Debug|x86.ActiveCfg = Debug|Any CPU
		{D31ED19B-AD93-4CF5-BBD8-326DECB30D3A}.Debug|x86.Build.0 = Debug|Any CPU
		{D31ED19B-AD93-4CF5-BBD8-326DECB30D3A}.Release|Any CPU.ActiveCfg = Release|Any CPU
		{D31ED19B-AD93-4CF5-BBD8-326DECB30D3A}.Release|Any CPU.Build.0 = Release|Any CPU
		{D31ED19B-AD93-4CF5-BBD8-326DECB30D3A}.Release|x64.ActiveCfg = Release|Any CPU
		{D31ED19B-AD93-4CF5-BBD8-326DECB30D3A}.Release|x64.Build.0 = Release|Any CPU
		{D31ED19B-AD93-4CF5-BBD8-326DECB30D3A}.Release|x86.ActiveCfg = Release|Any CPU
		{D31ED19B-AD93-4CF5-BBD8-326DECB30D3A}.Release|x86.Build.0 = Release|Any CPU
		{A3D5C669-05D0-4900-B39E-206D7FC75868}.Debug|Any CPU.ActiveCfg = Debug|Any CPU
		{A3D5C669-05D0-4900-B39E-206D7FC75868}.Debug|Any CPU.Build.0 = Debug|Any CPU
		{A3D5C669-05D0-4900-B39E-206D7FC75868}.Debug|x64.ActiveCfg = Debug|Any CPU
		{A3D5C669-05D0-4900-B39E-206D7FC75868}.Debug|x64.Build.0 = Debug|Any CPU
		{A3D5C669-05D0-4900-B39E-206D7FC75868}.Debug|x86.ActiveCfg = Debug|Any CPU
		{A3D5C669-05D0-4900-B39E-206D7FC75868}.Debug|x86.Build.0 = Debug|Any CPU
		{A3D5C669-05D0-4900-B39E-206D7FC75868}.Release|Any CPU.ActiveCfg = Release|Any CPU
		{A3D5C669-05D0-4900-B39E-206D7FC75868}.Release|Any CPU.Build.0 = Release|Any CPU
		{A3D5C669-05D0-4900-B39E-206D7FC75868}.Release|x64.ActiveCfg = Release|Any CPU
		{A3D5C669-05D0-4900-B39E-206D7FC75868}.Release|x64.Build.0 = Release|Any CPU
		{A3D5C669-05D0-4900-B39E-206D7FC75868}.Release|x86.ActiveCfg = Release|Any CPU
		{A3D5C669-05D0-4900-B39E-206D7FC75868}.Release|x86.Build.0 = Release|Any CPU
		{8694CFF9-7052-47CF-B8F5-A667D42F8362}.Debug|Any CPU.ActiveCfg = Debug|Any CPU
		{8694CFF9-7052-47CF-B8F5-A667D42F8362}.Debug|Any CPU.Build.0 = Debug|Any CPU
		{8694CFF9-7052-47CF-B8F5-A667D42F8362}.Debug|x64.ActiveCfg = Debug|Any CPU
		{8694CFF9-7052-47CF-B8F5-A667D42F8362}.Debug|x64.Build.0 = Debug|Any CPU
		{8694CFF9-7052-47CF-B8F5-A667D42F8362}.Debug|x86.ActiveCfg = Debug|Any CPU
		{8694CFF9-7052-47CF-B8F5-A667D42F8362}.Debug|x86.Build.0 = Debug|Any CPU
		{8694CFF9-7052-47CF-B8F5-A667D42F8362}.Release|Any CPU.ActiveCfg = Release|Any CPU
		{8694CFF9-7052-47CF-B8F5-A667D42F8362}.Release|Any CPU.Build.0 = Release|Any CPU
		{8694CFF9-7052-47CF-B8F5-A667D42F8362}.Release|x64.ActiveCfg = Release|Any CPU
		{8694CFF9-7052-47CF-B8F5-A667D42F8362}.Release|x64.Build.0 = Release|Any CPU
		{8694CFF9-7052-47CF-B8F5-A667D42F8362}.Release|x86.ActiveCfg = Release|Any CPU
		{8694CFF9-7052-47CF-B8F5-A667D42F8362}.Release|x86.Build.0 = Release|Any CPU
		{A7E07DE5-8627-4BB6-9C36-9D5F709F649A}.Debug|Any CPU.ActiveCfg = Debug|Any CPU
		{A7E07DE5-8627-4BB6-9C36-9D5F709F649A}.Debug|Any CPU.Build.0 = Debug|Any CPU
		{A7E07DE5-8627-4BB6-9C36-9D5F709F649A}.Debug|x64.ActiveCfg = Debug|Any CPU
		{A7E07DE5-8627-4BB6-9C36-9D5F709F649A}.Debug|x64.Build.0 = Debug|Any CPU
		{A7E07DE5-8627-4BB6-9C36-9D5F709F649A}.Debug|x86.ActiveCfg = Debug|Any CPU
		{A7E07DE5-8627-4BB6-9C36-9D5F709F649A}.Debug|x86.Build.0 = Debug|Any CPU
		{A7E07DE5-8627-4BB6-9C36-9D5F709F649A}.Release|Any CPU.ActiveCfg = Release|Any CPU
		{A7E07DE5-8627-4BB6-9C36-9D5F709F649A}.Release|Any CPU.Build.0 = Release|Any CPU
		{A7E07DE5-8627-4BB6-9C36-9D5F709F649A}.Release|x64.ActiveCfg = Release|Any CPU
		{A7E07DE5-8627-4BB6-9C36-9D5F709F649A}.Release|x64.Build.0 = Release|Any CPU
		{A7E07DE5-8627-4BB6-9C36-9D5F709F649A}.Release|x86.ActiveCfg = Release|Any CPU
		{A7E07DE5-8627-4BB6-9C36-9D5F709F649A}.Release|x86.Build.0 = Release|Any CPU
	EndGlobalSection
	GlobalSection(SolutionProperties) = preSolution
		HideSolutionNode = FALSE
	EndGlobalSection
	GlobalSection(NestedProjects) = preSolution
		{266AA29A-ADF7-4A4C-81BD-409F0A2A189A} = {9118F89B-C01E-49B6-849E-DF771A990048}
		{A3952E09-8D99-46E4-83BD-F845A89CCC4D} = {9118F89B-C01E-49B6-849E-DF771A990048}
		{5F266D9B-4EB7-44D3-8C0E-287ADCE5EF74} = {9118F89B-C01E-49B6-849E-DF771A990048}
		{DE13EC6F-4F77-4EDF-BAC3-9CF80C84A32A} = {9118F89B-C01E-49B6-849E-DF771A990048}
		{D31ED19B-AD93-4CF5-BBD8-326DECB30D3A} = {9118F89B-C01E-49B6-849E-DF771A990048}
		{A3D5C669-05D0-4900-B39E-206D7FC75868} = {6F97B280-733F-4033-B2CA-27B09A41A1DF}
		{8694CFF9-7052-47CF-B8F5-A667D42F8362} = {9118F89B-C01E-49B6-849E-DF771A990048}
		{A7E07DE5-8627-4BB6-9C36-9D5F709F649A} = {6F97B280-733F-4033-B2CA-27B09A41A1DF}
	EndGlobalSection
EndGlobal
